
Microsoft Visual Studio Solution File, Format Version 12.00
# Visual Studio Version 17
VisualStudioVersion = 17.1.32210.238
MinimumVisualStudioVersion = 10.0.40219.1
Project("{9A19103F-16F7-4668-BE54-9A1E7A4F7556}") = "FirstTask", "StringAndFiles\FirstTask.csproj", "{3F5BB0B6-550F-4D21-A5D0-1FCE8E5293C0}"
EndProject
Project("{FAE04EC0-301F-11D3-BF4B-00C04F79EFBC}") = "SecondTask", "SecondTask\SecondTask.csproj", "{45F959B4-31D4-458B-BD4C-8C44A560C784}"
EndProject
Global
	GlobalSection(SolutionConfigurationPlatforms) = preSolution
		Debug|Any CPU = Debug|Any CPU
		Release|Any CPU = Release|Any CPU
	EndGlobalSection
	GlobalSection(ProjectConfigurationPlatforms) = postSolution
		{3F5BB0B6-550F-4D21-A5D0-1FCE8E5293C0}.Debug|Any CPU.ActiveCfg = Debug|Any CPU
		{3F5BB0B6-550F-4D21-A5D0-1FCE8E5293C0}.Debug|Any CPU.Build.0 = Debug|Any CPU
		{3F5BB0B6-550F-4D21-A5D0-1FCE8E5293C0}.Release|Any CPU.ActiveCfg = Release|Any CPU
		{3F5BB0B6-550F-4D21-A5D0-1FCE8E5293C0}.Release|Any CPU.Build.0 = Release|Any CPU
		{45F959B4-31D4-458B-BD4C-8C44A560C784}.Debug|Any CPU.ActiveCfg = Debug|Any CPU
		{45F959B4-31D4-458B-BD4C-8C44A560C784}.Debug|Any CPU.Build.0 = Debug|Any CPU
		{45F959B4-31D4-458B-BD4C-8C44A560C784}.Release|Any CPU.ActiveCfg = Release|Any CPU
		{45F959B4-31D4-458B-BD4C-8C44A560C784}.Release|Any CPU.Build.0 = Release|Any CPU
	EndGlobalSection
	GlobalSection(SolutionProperties) = preSolution
		HideSolutionNode = FALSE
	EndGlobalSection
	GlobalSection(ExtensibilityGlobals) = postSolution
		SolutionGuid = {FE49C9F4-4D19-46EB-8B17-50CA0CD3CB4B}
	EndGlobalSection
EndGlobal
